// !$*UTF8*$!
{
	archiveVersion = 1;
	classes = {
	};
	objectVersion = 50;
	objects = {

/* Begin PBXBuildFile section */
		6B2EBF3E20968E1300C3C8E9 /* AddToDoViewController.swift in Sources */ = {isa = PBXBuildFile; fileRef = 6B2EBF3D20968E1300C3C8E9 /* AddToDoViewController.swift */; };
		6B808464209506580095F1B2 /* ToDo.swift in Sources */ = {isa = PBXBuildFile; fileRef = 6B808463209506580095F1B2 /* ToDo.swift */; };
		6BB70FEA207467BD0075C29D /* AppDelegate.swift in Sources */ = {isa = PBXBuildFile; fileRef = 6BB70FE9207467BD0075C29D /* AppDelegate.swift */; };
		6BB70FEF207467BD0075C29D /* Main.storyboard in Resources */ = {isa = PBXBuildFile; fileRef = 6BB70FED207467BD0075C29D /* Main.storyboard */; };
		6BB70FF2207467BD0075C29D /* To_Do_List.xcdatamodeld in Sources */ = {isa = PBXBuildFile; fileRef = 6BB70FF0207467BD0075C29D /* To_Do_List.xcdatamodeld */; };
		6BB70FF4207467BE0075C29D /* Assets.xcassets in Resources */ = {isa = PBXBuildFile; fileRef = 6BB70FF3207467BE0075C29D /* Assets.xcassets */; };
		6BB70FF7207467BE0075C29D /* LaunchScreen.storyboard in Resources */ = {isa = PBXBuildFile; fileRef = 6BB70FF5207467BE0075C29D /* LaunchScreen.storyboard */; };
		6BB70FFF207473E30075C29D /* ToDoTableViewController.swift in Sources */ = {isa = PBXBuildFile; fileRef = 6BB70FFE207473E30075C29D /* ToDoTableViewController.swift */; };
/* End PBXBuildFile section */

/* Begin PBXFileReference section */
		6B2EBF3D20968E1300C3C8E9 /* AddToDoViewController.swift */ = {isa = PBXFileReference; lastKnownFileType = sourcecode.swift; path = AddToDoViewController.swift; sourceTree = "<group>"; };
		6B808463209506580095F1B2 /* ToDo.swift */ = {isa = PBXFileReference; lastKnownFileType = sourcecode.swift; path = ToDo.swift; sourceTree = "<group>"; };
		6BB70FE6207467BD0075C29D /* To Do List.app */ = {isa = PBXFileReference; explicitFileType = wrapper.application; includeInIndex = 0; path = "To Do List.app"; sourceTree = BUILT_PRODUCTS_DIR; };
		6BB70FE9207467BD0075C29D /* AppDelegate.swift */ = {isa = PBXFileReference; lastKnownFileType = sourcecode.swift; path = AppDelegate.swift; sourceTree = "<group>"; };
		6BB70FEE207467BD0075C29D /* Base */ = {isa = PBXFileReference; lastKnownFileType = file.storyboard; name = Base; path = Base.lproj/Main.storyboard; sourceTree = "<group>"; };
		6BB70FF1207467BD0075C29D /* To_Do_List.xcdatamodel */ = {isa = PBXFileReference; lastKnownFileType = wrapper.xcdatamodel; path = To_Do_List.xcdatamodel; sourceTree = "<group>"; };
		6BB70FF3207467BE0075C29D /* Assets.xcassets */ = {isa = PBXFileReference; lastKnownFileType = folder.assetcatalog; path = Assets.xcassets; sourceTree = "<group>"; };
		6BB70FF6207467BE0075C29D /* Base */ = {isa = PBXFileReference; lastKnownFileType = file.storyboard; name = Base; path = Base.lproj/LaunchScreen.storyboard; sourceTree = "<group>"; };
		6BB70FF8207467BE0075C29D /* Info.plist */ = {isa = PBXFileReference; lastKnownFileType = text.plist.xml; path = Info.plist; sourceTree = "<group>"; };
		6BB70FFE207473E30075C29D /* ToDoTableViewController.swift */ = {isa = PBXFileReference; lastKnownFileType = sourcecode.swift; path = ToDoTableViewController.swift; sourceTree = "<group>"; };
/* End PBXFileReference section */

/* Begin PBXFrameworksBuildPhase section */
		6BB70FE3207467BD0075C29D /* Frameworks */ = {
			isa = PBXFrameworksBuildPhase;
			buildActionMask = 2147483647;
			files = (
			);
			runOnlyForDeploymentPostprocessing = 0;
		};
/* End PBXFrameworksBuildPhase section */

/* Begin PBXGroup section */
		6BB70FDD207467BD0075C29D = {
			isa = PBXGroup;
			children = (
				6BB70FE8207467BD0075C29D /* To Do List */,
				6BB70FE7207467BD0075C29D /* Products */,
			);
			sourceTree = "<group>";
		};
		6BB70FE7207467BD0075C29D /* Products */ = {
			isa = PBXGroup;
			children = (
				6BB70FE6207467BD0075C29D /* To Do List.app */,
			);
			name = Products;
			sourceTree = "<group>";
		};
		6BB70FE8207467BD0075C29D /* To Do List */ = {
			isa = PBXGroup;
			children = (
				6BB70FE9207467BD0075C29D /* AppDelegate.swift */,
				6BB70FFE207473E30075C29D /* ToDoTableViewController.swift */,
				6B2EBF3D20968E1300C3C8E9 /* AddToDoViewController.swift */,
				6B808463209506580095F1B2 /* ToDo.swift */,
				6BB70FED207467BD0075C29D /* Main.storyboard */,
				6BB70FF3207467BE0075C29D /* Assets.xcassets */,
				6BB70FF5207467BE0075C29D /* LaunchScreen.storyboard */,
				6BB70FF8207467BE0075C29D /* Info.plist */,
				6BB70FF0207467BD0075C29D /* To_Do_List.xcdatamodeld */,
			);
			path = "To Do List";
			sourceTree = "<group>";
		};
/* End PBXGroup section */

/* Begin PBXNativeTarget section */
		6BB70FE5207467BD0075C29D /* To Do List */ = {
			isa = PBXNativeTarget;
			buildConfigurationList = 6BB70FFB207467BE0075C29D /* Build configuration list for PBXNativeTarget "To Do List" */;
			buildPhases = (
				6BB70FE2207467BD0075C29D /* Sources */,
				6BB70FE3207467BD0075C29D /* Frameworks */,
				6BB70FE4207467BD0075C29D /* Resources */,
			);
			buildRules = (
			);
			dependencies = (
			);
			name = "To Do List";
			productName = "To Do List";
			productReference = 6BB70FE6207467BD0075C29D /* To Do List.app */;
			productType = "com.apple.product-type.application";
		};
/* End PBXNativeTarget section */

/* Begin PBXProject section */
		6BB70FDE207467BD0075C29D /* Project object */ = {
			isa = PBXProject;
			attributes = {
				LastSwiftUpdateCheck = 0930;
				LastUpgradeCheck = 0930;
				ORGANIZATIONNAME = "Carmelle Jean-Paul";
				TargetAttributes = {
					6BB70FE5207467BD0075C29D = {
						CreatedOnToolsVersion = 9.3;
					};
				};
			};
			buildConfigurationList = 6BB70FE1207467BD0075C29D /* Build configuration list for PBXProject "To Do List" */;
			compatibilityVersion = "Xcode 9.3";
			developmentRegion = en;
			hasScannedForEncodings = 0;
			knownRegions = (
				en,
				Base,
			);
			mainGroup = 6BB70FDD207467BD0075C29D;
			productRefGroup = 6BB70FE7207467BD0075C29D /* Products */;
			projectDirPath = "";
			projectRoot = "";
			targets = (
				6BB70FE5207467BD0075C29D /* To Do List */,
			);
		};
/* End PBXProject section */

/* Begin PBXResourcesBuildPhase section */
		6BB70FE4207467BD0075C29D /* Resources */ = {
			isa = PBXResourcesBuildPhase;
			buildActionMask = 2147483647;
			files = (
				6BB70FF7207467BE0075C29D /* LaunchScreen.storyboard in Resources */,
				6BB70FF4207467BE0075C29D /* Assets.xcassets in Resources */,
				6BB70FEF207467BD0075C29D /* Main.storyboard in Resources */,
			);
			runOnlyForDeploymentPostprocessing = 0;
		};
/* End PBXResourcesBuildPhase section */

/* Begin PBXSourcesBuildPhase section */
		6BB70FE2207467BD0075C29D /* Sources */ = {
			isa = PBXSourcesBuildPhase;
			buildActionMask = 2147483647;
			files = (
				6BB70FF2207467BD0075C29D /* To_Do_List.xcdatamodeld in Sources */,
				6BB70FFF207473E30075C29D /* ToDoTableViewController.swift in Sources */,
				6B2EBF3E20968E1300C3C8E9 /* AddToDoViewController.swift in Sources */,
				6BB70FEA207467BD0075C29D /* AppDelegate.swift in Sources */,
				6B808464209506580095F1B2 /* ToDo.swift in Sources */,
			);
			runOnlyForDeploymentPostprocessing = 0;
		};
/* End PBXSourcesBuildPhase section */

/* Begin PBXVariantGroup section */
		6BB70FED207467BD0075C29D /* Main.storyboard */ = {
			isa = PBXVariantGroup;
			children = (
				6BB70FEE207467BD0075C29D /* Base */,
			);
			name = Main.storyboard;
			sourceTree = "<group>";
		};
		6BB70FF5207467BE0075C29D /* LaunchScreen.storyboard */ = {
			isa = PBXVariantGroup;
			children = (
				6BB70FF6207467BE0075C29D /* Base */,
			);
			name = LaunchScreen.storyboard;
			sourceTree = "<group>";
		};
/* End PBXVariantGroup section */

/* Begin XCBuildConfiguration section */
		6BB70FF9207467BE0075C29D /* Debug */ = {
			isa = XCBuildConfiguration;
			buildSettings = {
				ALWAYS_SEARCH_USER_PATHS = NO;
				CLANG_ANALYZER_NONNULL = YES;
				CLANG_ANALYZER_NUMBER_OBJECT_CONVERSION = YES_AGGRESSIVE;
				CLANG_CXX_LANGUAGE_STANDARD = "gnu++14";
				CLANG_CXX_LIBRARY = "libc++";
				CLANG_ENABLE_MODULES = YES;
				CLANG_ENABLE_OBJC_ARC = YES;
				CLANG_ENABLE_OBJC_WEAK = YES;
				CLANG_WARN_BLOCK_CAPTURE_AUTORELEASING = YES;
				CLANG_WARN_BOOL_CONVERSION = YES;
				CLANG_WARN_COMMA = YES;
				CLANG_WARN_CONSTANT_CONVERSION = YES;
				CLANG_WARN_DEPRECATED_OBJC_IMPLEMENTATIONS = YES;
				CLANG_WARN_DIRECT_OBJC_ISA_USAGE = YES_ERROR;
				CLANG_WARN_DOCUMENTATION_COMMENTS = YES;
				CLANG_WARN_EMPTY_BODY = YES;
				CLANG_WARN_ENUM_CONVERSION = YES;
				CLANG_WARN_INFINITE_RECURSION = YES;
				CLANG_WARN_INT_CONVERSION = YES;
				CLANG_WARN_NON_LITERAL_NULL_CONVERSION = YES;
				CLANG_WARN_OBJC_IMPLICIT_RETAIN_SELF = YES;
				CLANG_WARN_OBJC_LITERAL_CONVERSION = YES;
				CLANG_WARN_OBJC_ROOT_CLASS = YES_ERROR;
				CLANG_WARN_RANGE_LOOP_ANALYSIS = YES;
				CLANG_WARN_STRICT_PROTOTYPES = YES;
				CLANG_WARN_SUSPICIOUS_MOVE = YES;
				CLANG_WARN_UNGUARDED_AVAILABILITY = YES_AGGRESSIVE;
				CLANG_WARN_UNREACHABLE_CODE = YES;
				CLANG_WARN__DUPLICATE_METHOD_MATCH = YES;
				CODE_SIGN_IDENTITY = "iPhone Developer";
				COPY_PHASE_STRIP = NO;
				DEBUG_INFORMATION_FORMAT = dwarf;
				ENABLE_STRICT_OBJC_MSGSEND = YES;
				ENABLE_TESTABILITY = YES;
				GCC_C_LANGUAGE_STANDARD = gnu11;
				GCC_DYNAMIC_NO_PIC = NO;
				GCC_NO_COMMON_BLOCKS = YES;
				GCC_OPTIMIZATION_LEVEL = 0;
				GCC_PREPROCESSOR_DEFINITIONS = (
					"DEBUG=1",
					"$(inherited)",
				);
				GCC_WARN_64_TO_32_BIT_CONVERSION = YES;
				GCC_WARN_ABOUT_RETURN_TYPE = YES_ERROR;
				GCC_WARN_UNDECLARED_SELECTOR = YES;
				GCC_WARN_UNINITIALIZED_AUTOS = YES_AGGRESSIVE;
				GCC_WARN_UNUSED_FUNCTION = YES;
				GCC_WARN_UNUSED_VARIABLE = YES;
				IPHONEOS_DEPLOYMENT_TARGET = 11.3;
				MTL_ENABLE_DEBUG_INFO = YES;
				ONLY_ACTIVE_ARCH = YES;
				SDKROOT = iphoneos;
				SWIFT_ACTIVE_COMPILATION_CONDITIONS = DEBUG;
				SWIFT_OPTIMIZATION_LEVEL = "-Onone";
			};
			name = Debug;
		};
		6BB70FFA207467BE0075C29D /* Release */ = {
			isa = XCBuildConfiguration;
			buildSettings = {
				ALWAYS_SEARCH_USER_PATHS = NO;
				CLANG_ANALYZER_NONNULL = YES;
				CLANG_ANALYZER_NUMBER_OBJECT_CONVERSION = YES_AGGRESSIVE;
				CLANG_CXX_LANGUAGE_STANDARD = "gnu++14";
				CLANG_CXX_LIBRARY = "libc++";
				CLANG_ENABLE_MODULES = YES;
				CLANG_ENABLE_OBJC_ARC = YES;
				CLANG_ENABLE_OBJC_WEAK = YES;
				CLANG_WARN_BLOCK_CAPTURE_AUTORELEASING = YES;
				CLANG_WARN_BOOL_CONVERSION = YES;
				CLANG_WARN_COMMA = YES;
				CLANG_WARN_CONSTANT_CONVERSION = YES;
				CLANG_WARN_DEPRECATED_OBJC_IMPLEMENTATIONS = YES;
				CLANG_WARN_DIRECT_OBJC_ISA_USAGE = YES_ERROR;
				CLANG_WARN_DOCUMENTATION_COMMENTS = YES;
				CLANG_WARN_EMPTY_BODY = YES;
				CLANG_WARN_ENUM_CONVERSION = YES;
				CLANG_WARN_INFINITE_RECURSION = YES;
				CLANG_WARN_INT_CONVERSION = YES;
				CLANG_WARN_NON_LITERAL_NULL_CONVERSION = YES;
				CLANG_WARN_OBJC_IMPLICIT_RETAIN_SELF = YES;
				CLANG_WARN_OBJC_LITERAL_CONVERSION = YES;
				CLANG_WARN_OBJC_ROOT_CLASS = YES_ERROR;
				CLANG_WARN_RANGE_LOOP_ANALYSIS = YES;
				CLANG_WARN_STRICT_PROTOTYPES = YES;
				CLANG_WARN_SUSPICIOUS_MOVE = YES;
				CLANG_WARN_UNGUARDED_AVAILABILITY = YES_AGGRESSIVE;
				CLANG_WARN_UNREACHABLE_CODE = YES;
				CLANG_WARN__DUPLICATE_METHOD_MATCH = YES;
				CODE_SIGN_IDENTITY = "iPhone Developer";
				COPY_PHASE_STRIP = NO;
				DEBUG_INFORMATION_FORMAT = "dwarf-with-dsym";
				ENABLE_NS_ASSERTIONS = NO;
				ENABLE_STRICT_OBJC_MSGSEND = YES;
				GCC_C_LANGUAGE_STANDARD = gnu11;
				GCC_NO_COMMON_BLOCKS = YES;
				GCC_WARN_64_TO_32_BIT_CONVERSION = YES;
				GCC_WARN_ABOUT_RETURN_TYPE = YES_ERROR;
				GCC_WARN_UNDECLARED_SELECTOR = YES;
				GCC_WARN_UNINITIALIZED_AUTOS = YES_AGGRESSIVE;
				GCC_WARN_UNUSED_FUNCTION = YES;
				GCC_WARN_UNUSED_VARIABLE = YES;
				IPHONEOS_DEPLOYMENT_TARGET = 11.3;
				MTL_ENABLE_DEBUG_INFO = NO;
				SDKROOT = iphoneos;
				SWIFT_COMPILATION_MODE = wholemodule;
				SWIFT_OPTIMIZATION_LEVEL = "-O";
				VALIDATE_PRODUCT = YES;
			};
			name = Release;
		};
		6BB70FFC207467BE0075C29D /* Debug */ = {
			isa = XCBuildConfiguration;
			buildSettings = {
				ASSETCATALOG_COMPILER_APPICON_NAME = AppIcon;
				CODE_SIGN_STYLE = Automatic;
				INFOPLIST_FILE = "To Do List/Info.plist";
				LD_RUNPATH_SEARCH_PATHS = (
					"$(inherited)",
					"@executable_path/Frameworks",
				);
				PRODUCT_BUNDLE_IDENTIFIER = "Carmelle.Jean-Paul.To-Do-List";
				PRODUCT_NAME = "$(TARGET_NAME)";
				SWIFT_VERSION = 4.0;
				TARGETED_DEVICE_FAMILY = "1,2";
			};
			name = Debug;
		};
		6BB70FFD207467BE0075C29D /* Release */ = {
			isa = XCBuildConfiguration;
			buildSettings = {
				ASSETCATALOG_COMPILER_APPICON_NAME = AppIcon;
				CODE_SIGN_STYLE = Automatic;
				INFOPLIST_FILE = "To Do List/Info.plist";
				LD_RUNPATH_SEARCH_PATHS = (
					"$(inherited)",
					"@executable_path/Frameworks",
				);
				PRODUCT_BUNDLE_IDENTIFIER = "Carmelle.Jean-Paul.To-Do-List";
				PRODUCT_NAME = "$(TARGET_NAME)";
				SWIFT_VERSION = 4.0;
				TARGETED_DEVICE_FAMILY = "1,2";
			};
			name = Release;
		};
/* End XCBuildConfiguration section */

/* Begin XCConfigurationList section */
		6BB70FE1207467BD0075C29D /* Build configuration list for PBXProject "To Do List" */ = {
			isa = XCConfigurationList;
			buildConfigurations = (
				6BB70FF9207467BE0075C29D /* Debug */,
				6BB70FFA207467BE0075C29D /* Release */,
			);
			defaultConfigurationIsVisible = 0;
			defaultConfigurationName = Release;
		};
		6BB70FFB207467BE0075C29D /* Build configuration list for PBXNativeTarget "To Do List" */ = {
			isa = XCConfigurationList;
			buildConfigurations = (
				6BB70FFC207467BE0075C29D /* Debug */,
				6BB70FFD207467BE0075C29D /* Release */,
			);
			defaultConfigurationIsVisible = 0;
			defaultConfigurationName = Release;
		};
/* End XCConfigurationList section */

/* Begin XCVersionGroup section */
		6BB70FF0207467BD0075C29D /* To_Do_List.xcdatamodeld */ = {
			isa = XCVersionGroup;
			children = (
				6BB70FF1207467BD0075C29D /* To_Do_List.xcdatamodel */,
			);
			currentVersion = 6BB70FF1207467BD0075C29D /* To_Do_List.xcdatamodel */;
			path = To_Do_List.xcdatamodeld;
			sourceTree = "<group>";
			versionGroupType = wrapper.xcdatamodel;
		};
/* End XCVersionGroup section */
	};
	rootObject = 6BB70FDE207467BD0075C29D /* Project object */;
}
